{
  "name": "silent-voice",
  "version": "1.0.0",
  "lockfileVersion": 3,
  "requires": true,
  "packages": {
    "": {
      "name": "silent-voice",
      "version": "1.0.0",
      "license": "MIT",
      "workspaces": [
        "frontend"
      ]
    },
    "frontend": {
      "name": "silent-voice",
      "version": "1.0.0",
      "license": "MIT",
      "workspaces": [
        "frontend"
      ]
    },
    "node_modules/silent-voice": {
      "resolved": "frontend",
      "link": true
    }
  }
}
